
Microsoft Visual Studio Solution File, Format Version 12.00
# Visual Studio Version 17
VisualStudioVersion = 17.5.33516.290
MinimumVisualStudioVersion = 10.0.40219.1
Project("{FAE04EC0-301F-11D3-BF4B-00C04F79EFBC}") = "BrowserTest", "BrowserTest\BrowserTest.csproj", "{05E4FFCA-9041-4958-B53B-A405EAF5858B}"
EndProject
Global
	GlobalSection(SolutionConfigurationPlatforms) = preSolution
		Debug|Any CPU = Debug|Any CPU
		Release|Any CPU = Release|Any CPU
	EndGlobalSection
	GlobalSection(ProjectConfigurationPlatforms) = postSolution
		{05E4FFCA-9041-4958-B53B-A405EAF5858B}.Debug|Any CPU.ActiveCfg = Debug|Any CPU
		{05E4FFCA-9041-4958-B53B-A405EAF5858B}.Debug|Any CPU.Build.0 = Debug|Any CPU
		{05E4FFCA-9041-4958-B53B-A405EAF5858B}.Release|Any CPU.ActiveCfg = Release|Any CPU
		{05E4FFCA-9041-4958-B53B-A405EAF5858B}.Release|Any CPU.Build.0 = Release|Any CPU
	EndGlobalSection
	GlobalSection(SolutionProperties) = preSolution
		HideSolutionNode = FALSE
	EndGlobalSection
	GlobalSection(ExtensibilityGlobals) = postSolution
		SolutionGuid = {15EE9AAF-B2E3-41A4-8B64-51643B4BB6F9}
	EndGlobalSection
EndGlobal
